// !$*UTF8*$!
{
	archiveVersion = 1;
	classes = {
	};
	objectVersion = 46;
	objects = {

/* Begin PBXBuildFile section */
		79506EDD1A37893E00CF3FDF /* AppDelegate.swift in Sources */ = {isa = PBXBuildFile; fileRef = 79506EDC1A37893E00CF3FDF /* AppDelegate.swift */; };
		79506EDF1A37893E00CF3FDF /* ViewController.swift in Sources */ = {isa = PBXBuildFile; fileRef = 79506EDE1A37893E00CF3FDF /* ViewController.swift */; };
		79506EE21A37893E00CF3FDF /* Main.storyboard in Resources */ = {isa = PBXBuildFile; fileRef = 79506EE01A37893E00CF3FDF /* Main.storyboard */; };
		79506EE41A37893E00CF3FDF /* Images.xcassets in Resources */ = {isa = PBXBuildFile; fileRef = 79506EE31A37893E00CF3FDF /* Images.xcassets */; };
		79506EE71A37893E00CF3FDF /* LaunchScreen.xib in Resources */ = {isa = PBXBuildFile; fileRef = 79506EE51A37893E00CF3FDF /* LaunchScreen.xib */; };
		79506EF31A37893E00CF3FDF /* GreetingAppTests.swift in Sources */ = {isa = PBXBuildFile; fileRef = 79506EF21A37893E00CF3FDF /* GreetingAppTests.swift */; };
/* End PBXBuildFile section */

/* Begin PBXContainerItemProxy section */
		79506EED1A37893E00CF3FDF /* PBXContainerItemProxy */ = {
			isa = PBXContainerItemProxy;
			containerPortal = 79506ECF1A37893E00CF3FDF /* Project object */;
			proxyType = 1;
			remoteGlobalIDString = 79506ED61A37893E00CF3FDF;
			remoteInfo = GreetingApp;
		};
/* End PBXContainerItemProxy section */

/* Begin PBXFileReference section */
		79506ED71A37893E00CF3FDF /* GreetingApp.app */ = {isa = PBXFileReference; explicitFileType = wrapper.application; includeInIndex = 0; path = GreetingApp.app; sourceTree = BUILT_PRODUCTS_DIR; };
		79506EDB1A37893E00CF3FDF /* Info.plist */ = {isa = PBXFileReference; lastKnownFileType = text.plist.xml; path = Info.plist; sourceTree = "<group>"; };
		79506EDC1A37893E00CF3FDF /* AppDelegate.swift */ = {isa = PBXFileReference; lastKnownFileType = sourcecode.swift; path = AppDelegate.swift; sourceTree = "<group>"; };
		79506EDE1A37893E00CF3FDF /* ViewController.swift */ = {isa = PBXFileReference; lastKnownFileType = sourcecode.swift; path = ViewController.swift; sourceTree = "<group>"; };
		79506EE11A37893E00CF3FDF /* Base */ = {isa = PBXFileReference; lastKnownFileType = file.storyboard; name = Base; path = Base.lproj/Main.storyboard; sourceTree = "<group>"; };
		79506EE31A37893E00CF3FDF /* Images.xcassets */ = {isa = PBXFileReference; lastKnownFileType = folder.assetcatalog; path = Images.xcassets; sourceTree = "<group>"; };
		79506EE61A37893E00CF3FDF /* Base */ = {isa = PBXFileReference; lastKnownFileType = file.xib; name = Base; path = Base.lproj/LaunchScreen.xib; sourceTree = "<group>"; };
		79506EEC1A37893E00CF3FDF /* GreetingAppTests.xctest */ = {isa = PBXFileReference; explicitFileType = wrapper.cfbundle; includeInIndex = 0; path = GreetingAppTests.xctest; sourceTree = BUILT_PRODUCTS_DIR; };
		79506EF11A37893E00CF3FDF /* Info.plist */ = {isa = PBXFileReference; lastKnownFileType = text.plist.xml; path = Info.plist; sourceTree = "<group>"; };
		79506EF21A37893E00CF3FDF /* GreetingAppTests.swift */ = {isa = PBXFileReference; lastKnownFileType = sourcecode.swift; path = GreetingAppTests.swift; sourceTree = "<group>"; };
/* End PBXFileReference section */

/* Begin PBXFrameworksBuildPhase section */
		79506ED41A37893E00CF3FDF /* Frameworks */ = {
			isa = PBXFrameworksBuildPhase;
			buildActionMask = 2147483647;
			files = (
			);
			runOnlyForDeploymentPostprocessing = 0;
		};
		79506EE91A37893E00CF3FDF /* Frameworks */ = {
			isa = PBXFrameworksBuildPhase;
			buildActionMask = 2147483647;
			files = (
			);
			runOnlyForDeploymentPostprocessing = 0;
		};
/* End PBXFrameworksBuildPhase section */

/* Begin PBXGroup section */
		79506ECE1A37893E00CF3FDF = {
			isa = PBXGroup;
			children = (
				79506ED91A37893E00CF3FDF /* GreetingApp */,
				79506EEF1A37893E00CF3FDF /* GreetingAppTests */,
				79506ED81A37893E00CF3FDF /* Products */,
			);
			sourceTree = "<group>";
		};
		79506ED81A37893E00CF3FDF /* Products */ = {
			isa = PBXGroup;
			children = (
				79506ED71A37893E00CF3FDF /* GreetingApp.app */,
				79506EEC1A37893E00CF3FDF /* GreetingAppTests.xctest */,
			);
			name = Products;
			sourceTree = "<group>";
		};
		79506ED91A37893E00CF3FDF /* GreetingApp */ = {
			isa = PBXGroup;
			children = (
				79506EDC1A37893E00CF3FDF /* AppDelegate.swift */,
				79506EDE1A37893E00CF3FDF /* ViewController.swift */,
				79506EE01A37893E00CF3FDF /* Main.storyboard */,
				79506EE31A37893E00CF3FDF /* Images.xcassets */,
				79506EE51A37893E00CF3FDF /* LaunchScreen.xib */,
				79506EDA1A37893E00CF3FDF /* Supporting Files */,
			);
			path = GreetingApp;
			sourceTree = "<group>";
		};
		79506EDA1A37893E00CF3FDF /* Supporting Files */ = {
			isa = PBXGroup;
			children = (
				79506EDB1A37893E00CF3FDF /* Info.plist */,
			);
			name = "Supporting Files";
			sourceTree = "<group>";
		};
		79506EEF1A37893E00CF3FDF /* GreetingAppTests */ = {
			isa = PBXGroup;
			children = (
				79506EF21A37893E00CF3FDF /* GreetingAppTests.swift */,
				79506EF01A37893E00CF3FDF /* Supporting Files */,
			);
			path = GreetingAppTests;
			sourceTree = "<group>";
		};
		79506EF01A37893E00CF3FDF /* Supporting Files */ = {
			isa = PBXGroup;
			children = (
				79506EF11A37893E00CF3FDF /* Info.plist */,
			);
			name = "Supporting Files";
			sourceTree = "<group>";
		};
/* End PBXGroup section */

/* Begin PBXNativeTarget section */
		79506ED61A37893E00CF3FDF /* GreetingApp */ = {
			isa = PBXNativeTarget;
			buildConfigurationList = 79506EF61A37893E00CF3FDF /* Build configuration list for PBXNativeTarget "GreetingApp" */;
			buildPhases = (
				79506ED31A37893E00CF3FDF /* Sources */,
				79506ED41A37893E00CF3FDF /* Frameworks */,
				79506ED51A37893E00CF3FDF /* Resources */,
			);
			buildRules = (
			);
			dependencies = (
			);
			name = GreetingApp;
			productName = GreetingApp;
			productReference = 79506ED71A37893E00CF3FDF /* GreetingApp.app */;
			productType = "com.apple.product-type.application";
		};
		79506EEB1A37893E00CF3FDF /* GreetingAppTests */ = {
			isa = PBXNativeTarget;
			buildConfigurationList = 79506EF91A37893E00CF3FDF /* Build configuration list for PBXNativeTarget "GreetingAppTests" */;
			buildPhases = (
				79506EE81A37893E00CF3FDF /* Sources */,
				79506EE91A37893E00CF3FDF /* Frameworks */,
				79506EEA1A37893E00CF3FDF /* Resources */,
			);
			buildRules = (
			);
			dependencies = (
				79506EEE1A37893E00CF3FDF /* PBXTargetDependency */,
			);
			name = GreetingAppTests;
			productName = GreetingAppTests;
			productReference = 79506EEC1A37893E00CF3FDF /* GreetingAppTests.xctest */;
			productType = "com.apple.product-type.bundle.unit-test";
		};
/* End PBXNativeTarget section */

/* Begin PBXProject section */
		79506ECF1A37893E00CF3FDF /* Project object */ = {
			isa = PBXProject;
			attributes = {
				LastUpgradeCheck = 0610;
				ORGANIZATIONNAME = UpEarly;
				TargetAttributes = {
					79506ED61A37893E00CF3FDF = {
						CreatedOnToolsVersion = 6.1;
					};
					79506EEB1A37893E00CF3FDF = {
						CreatedOnToolsVersion = 6.1;
						TestTargetID = 79506ED61A37893E00CF3FDF;
					};
				};
			};
			buildConfigurationList = 79506ED21A37893E00CF3FDF /* Build configuration list for PBXProject "GreetingApp" */;
			compatibilityVersion = "Xcode 3.2";
			developmentRegion = English;
			hasScannedForEncodings = 0;
			knownRegions = (
				en,
				Base,
			);
			mainGroup = 79506ECE1A37893E00CF3FDF;
			productRefGroup = 79506ED81A37893E00CF3FDF /* Products */;
			projectDirPath = "";
			projectRoot = "";
			targets = (
				79506ED61A37893E00CF3FDF /* GreetingApp */,
				79506EEB1A37893E00CF3FDF /* GreetingAppTests */,
			);
		};
/* End PBXProject section */

/* Begin PBXResourcesBuildPhase section */
		79506ED51A37893E00CF3FDF /* Resources */ = {
			isa = PBXResourcesBuildPhase;
			buildActionMask = 2147483647;
			files = (
				79506EE21A37893E00CF3FDF /* Main.storyboard in Resources */,
				79506EE71A37893E00CF3FDF /* LaunchScreen.xib in Resources */,
				79506EE41A37893E00CF3FDF /* Images.xcassets in Resources */,
			);
			runOnlyForDeploymentPostprocessing = 0;
		};
		79506EEA1A37893E00CF3FDF /* Resources */ = {
			isa = PBXResourcesBuildPhase;
			buildActionMask = 2147483647;
			files = (
			);
			runOnlyForDeploymentPostprocessing = 0;
		};
/* End PBXResourcesBuildPhase section */

/* Begin PBXSourcesBuildPhase section */
		79506ED31A37893E00CF3FDF /* Sources */ = {
			isa = PBXSourcesBuildPhase;
			buildActionMask = 2147483647;
			files = (
				79506EDF1A37893E00CF3FDF /* ViewController.swift in Sources */,
				79506EDD1A37893E00CF3FDF /* AppDelegate.swift in Sources */,
			);
			runOnlyForDeploymentPostprocessing = 0;
		};
		79506EE81A37893E00CF3FDF /* Sources */ = {
			isa = PBXSourcesBuildPhase;
			buildActionMask = 2147483647;
			files = (
				79506EF31A37893E00CF3FDF /* GreetingAppTests.swift in Sources */,
			);
			runOnlyForDeploymentPostprocessing = 0;
		};
/* End PBXSourcesBuildPhase section */

/* Begin PBXTargetDependency section */
		79506EEE1A37893E00CF3FDF /* PBXTargetDependency */ = {
			isa = PBXTargetDependency;
			target = 79506ED61A37893E00CF3FDF /* GreetingApp */;
			targetProxy = 79506EED1A37893E00CF3FDF /* PBXContainerItemProxy */;
		};
/* End PBXTargetDependency section */

/* Begin PBXVariantGroup section */
		79506EE01A37893E00CF3FDF /* Main.storyboard */ = {
			isa = PBXVariantGroup;
			children = (
				79506EE11A37893E00CF3FDF /* Base */,
			);
			name = Main.storyboard;
			sourceTree = "<group>";
		};
		79506EE51A37893E00CF3FDF /* LaunchScreen.xib */ = {
			isa = PBXVariantGroup;
			children = (
				79506EE61A37893E00CF3FDF /* Base */,
			);
			name = LaunchScreen.xib;
			sourceTree = "<group>";
		};
/* End PBXVariantGroup section */

/* Begin XCBuildConfiguration section */
		79506EF41A37893E00CF3FDF /* Debug */ = {
			isa = XCBuildConfiguration;
			buildSettings = {
				ALWAYS_SEARCH_USER_PATHS = NO;
				CLANG_CXX_LANGUAGE_STANDARD = "gnu++0x";
				CLANG_CXX_LIBRARY = "libc++";
				CLANG_ENABLE_MODULES = YES;
				CLANG_ENABLE_OBJC_ARC = YES;
				CLANG_WARN_BOOL_CONVERSION = YES;
				CLANG_WARN_CONSTANT_CONVERSION = YES;
				CLANG_WARN_DIRECT_OBJC_ISA_USAGE = YES_ERROR;
				CLANG_WARN_EMPTY_BODY = YES;
				CLANG_WARN_ENUM_CONVERSION = YES;
				CLANG_WARN_INT_CONVERSION = YES;
				CLANG_WARN_OBJC_ROOT_CLASS = YES_ERROR;
				CLANG_WARN_UNREACHABLE_CODE = YES;
				CLANG_WARN__DUPLICATE_METHOD_MATCH = YES;
				"CODE_SIGN_IDENTITY[sdk=iphoneos*]" = "iPhone Developer";
				COPY_PHASE_STRIP = NO;
				ENABLE_STRICT_OBJC_MSGSEND = YES;
				GCC_C_LANGUAGE_STANDARD = gnu99;
				GCC_DYNAMIC_NO_PIC = NO;
				GCC_OPTIMIZATION_LEVEL = 0;
				GCC_PREPROCESSOR_DEFINITIONS = (
					"DEBUG=1",
					"$(inherited)",
				);
				GCC_SYMBOLS_PRIVATE_EXTERN = NO;
				GCC_WARN_64_TO_32_BIT_CONVERSION = YES;
				GCC_WARN_ABOUT_RETURN_TYPE = YES_ERROR;
				GCC_WARN_UNDECLARED_SELECTOR = YES;
				GCC_WARN_UNINITIALIZED_AUTOS = YES_AGGRESSIVE;
				GCC_WARN_UNUSED_FUNCTION = YES;
				GCC_WARN_UNUSED_VARIABLE = YES;
				IPHONEOS_DEPLOYMENT_TARGET = 8.1;
				MTL_ENABLE_DEBUG_INFO = YES;
				ONLY_ACTIVE_ARCH = YES;
				SDKROOT = iphoneos;
				SWIFT_OPTIMIZATION_LEVEL = "-Onone";
				TARGETED_DEVICE_FAMILY = "1,2";
			};
			name = Debug;
		};
		79506EF51A37893E00CF3FDF /* Release */ = {
			isa = XCBuildConfiguration;
			buildSettings = {
				ALWAYS_SEARCH_USER_PATHS = NO;
				CLANG_CXX_LANGUAGE_STANDARD = "gnu++0x";
				CLANG_CXX_LIBRARY = "libc++";
				CLANG_ENABLE_MODULES = YES;
				CLANG_ENABLE_OBJC_ARC = YES;
				CLANG_WARN_BOOL_CONVERSION = YES;
				CLANG_WARN_CONSTANT_CONVERSION = YES;
				CLANG_WARN_DIRECT_OBJC_ISA_USAGE = YES_ERROR;
				CLANG_WARN_EMPTY_BODY = YES;
				CLANG_WARN_ENUM_CONVERSION = YES;
				CLANG_WARN_INT_CONVERSION = YES;
				CLANG_WARN_OBJC_ROOT_CLASS = YES_ERROR;
				CLANG_WARN_UNREACHABLE_CODE = YES;
				CLANG_WARN__DUPLICATE_METHOD_MATCH = YES;
				"CODE_SIGN_IDENTITY[sdk=iphoneos*]" = "iPhone Developer";
				COPY_PHASE_STRIP = YES;
				ENABLE_NS_ASSERTIONS = NO;
				ENABLE_STRICT_OBJC_MSGSEND = YES;
				GCC_C_LANGUAGE_STANDARD = gnu99;
				GCC_WARN_64_TO_32_BIT_CONVERSION = YES;
				GCC_WARN_ABOUT_RETURN_TYPE = YES_ERROR;
				GCC_WARN_UNDECLARED_SELECTOR = YES;
				GCC_WARN_UNINITIALIZED_AUTOS = YES_AGGRESSIVE;
				GCC_WARN_UNUSED_FUNCTION = YES;
				GCC_WARN_UNUSED_VARIABLE = YES;
				IPHONEOS_DEPLOYMENT_TARGET = 8.1;
				MTL_ENABLE_DEBUG_INFO = NO;
				SDKROOT = iphoneos;
				TARGETED_DEVICE_FAMILY = "1,2";
				VALIDATE_PRODUCT = YES;
			};
			name = Release;
		};
		79506EF71A37893E00CF3FDF /* Debug */ = {
			isa = XCBuildConfiguration;
			buildSettings = {
				ASSETCATALOG_COMPILER_APPICON_NAME = AppIcon;
				INFOPLIST_FILE = GreetingApp/Info.plist;
				LD_RUNPATH_SEARCH_PATHS = "$(inherited) @executable_path/Frameworks";
				PRODUCT_NAME = "$(TARGET_NAME)";
			};
			name = Debug;
		};
		79506EF81A37893E00CF3FDF /* Release */ = {
			isa = XCBuildConfiguration;
			buildSettings = {
				ASSETCATALOG_COMPILER_APPICON_NAME = AppIcon;
				INFOPLIST_FILE = GreetingApp/Info.plist;
				LD_RUNPATH_SEARCH_PATHS = "$(inherited) @executable_path/Frameworks";
				PRODUCT_NAME = "$(TARGET_NAME)";
			};
			name = Release;
		};
		79506EFA1A37893E00CF3FDF /* Debug */ = {
			isa = XCBuildConfiguration;
			buildSettings = {
				BUNDLE_LOADER = "$(TEST_HOST)";
				FRAMEWORK_SEARCH_PATHS = (
					"$(SDKROOT)/Developer/Library/Frameworks",
					"$(inherited)",
				);
				GCC_PREPROCESSOR_DEFINITIONS = (
					"DEBUG=1",
					"$(inherited)",
				);
				INFOPLIST_FILE = GreetingAppTests/Info.plist;
				LD_RUNPATH_SEARCH_PATHS = "$(inherited) @executable_path/Frameworks @loader_path/Frameworks";
				PRODUCT_NAME = "$(TARGET_NAME)";
				TEST_HOST = "$(BUILT_PRODUCTS_DIR)/GreetingApp.app/GreetingApp";
			};
			name = Debug;
		};
		79506EFB1A37893E00CF3FDF /* Release */ = {
			isa = XCBuildConfiguration;
			buildSettings = {
				BUNDLE_LOADER = "$(TEST_HOST)";
				FRAMEWORK_SEARCH_PATHS = (
					"$(SDKROOT)/Developer/Library/Frameworks",
					"$(inherited)",
				);
				INFOPLIST_FILE = GreetingAppTests/Info.plist;
				LD_RUNPATH_SEARCH_PATHS = "$(inherited) @executable_path/Frameworks @loader_path/Frameworks";
				PRODUCT_NAME = "$(TARGET_NAME)";
				TEST_HOST = "$(BUILT_PRODUCTS_DIR)/GreetingApp.app/GreetingApp";
			};
			name = Release;
		};
/* End XCBuildConfiguration section */

/* Begin XCConfigurationList section */
		79506ED21A37893E00CF3FDF /* Build configuration list for PBXProject "GreetingApp" */ = {
			isa = XCConfigurationList;
			buildConfigurations = (
				79506EF41A37893E00CF3FDF /* Debug */,
				79506EF51A37893E00CF3FDF /* Release */,
			);
			defaultConfigurationIsVisible = 0;
			defaultConfigurationName = Release;
		};
		79506EF61A37893E00CF3FDF /* Build configuration list for PBXNativeTarget "GreetingApp" */ = {
			isa = XCConfigurationList;
			buildConfigurations = (
				79506EF71A37893E00CF3FDF /* Debug */,
				79506EF81A37893E00CF3FDF /* Release */,
			);
			defaultConfigurationIsVisible = 0;
		};
		79506EF91A37893E00CF3FDF /* Build configuration list for PBXNativeTarget "GreetingAppTests" */ = {
			isa = XCConfigurationList;
			buildConfigurations = (
				79506EFA1A37893E00CF3FDF /* Debug */,
				79506EFB1A37893E00CF3FDF /* Release */,
			);
			defaultConfigurationIsVisible = 0;
		};
/* End XCConfigurationList section */
	};
	rootObject = 79506ECF1A37893E00CF3FDF /* Project object */;
}
